
Microsoft Visual Studio Solution File, Format Version 12.00
# Visual Studio Version 17
VisualStudioVersion = 17.14.36109.1 d17.14
MinimumVisualStudioVersion = 10.0.40219.1
Project("{FAE04EC0-301F-11D3-BF4B-00C04F79EFBC}") = "StueMange", "StueMange\StueMange.csproj", "{E20C87D9-3FAC-470A-A56F-41CF67FD9AC3}"
EndProject
Global
	GlobalSection(SolutionConfigurationPlatforms) = preSolution
		Debug|Any CPU = Debug|Any CPU
		Release|Any CPU = Release|Any CPU
	EndGlobalSection
	GlobalSection(ProjectConfigurationPlatforms) = postSolution
		{E20C87D9-3FAC-470A-A56F-41CF67FD9AC3}.Debug|Any CPU.ActiveCfg = Debug|Any CPU
		{E20C87D9-3FAC-470A-A56F-41CF67FD9AC3}.Debug|Any CPU.Build.0 = Debug|Any CPU
		{E20C87D9-3FAC-470A-A56F-41CF67FD9AC3}.Release|Any CPU.ActiveCfg = Release|Any CPU
		{E20C87D9-3FAC-470A-A56F-41CF67FD9AC3}.Release|Any CPU.Build.0 = Release|Any CPU
	EndGlobalSection
	GlobalSection(SolutionProperties) = preSolution
		HideSolutionNode = FALSE
	EndGlobalSection
	GlobalSection(ExtensibilityGlobals) = postSolution
		SolutionGuid = {EA8219E3-AE53-4490-A0F3-F8F7E86F7231}
	EndGlobalSection
EndGlobal
